
Microsoft Visual Studio Solution File, Format Version 12.00
# Visual Studio Version 17
VisualStudioVersion = 17.11.35327.3
MinimumVisualStudioVersion = 10.0.40219.1
Project("{2150E333-8FDC-42A3-9474-1A3956D46DE8}") = "Core", "Core", "{F61EC027-40F7-4697-BC11-4DF36E50F01C}"
EndProject
Project("{9A19103F-16F7-4668-BE54-9A1E7A4F7556}") = "Domain", "Core\Domain\Domain.csproj", "{76BB14C6-EE5D-44F3-912A-82725A14EC86}"
EndProject
Project("{2150E333-8FDC-42A3-9474-1A3956D46DE8}") = "Infrastructure", "Infrastructure", "{AFD8A77A-2BD9-4299-9E07-77B6B3648FD8}"
EndProject
Project("{9A19103F-16F7-4668-BE54-9A1E7A4F7556}") = "Persistance", "Infrastructure\Persistance\Persistance.csproj", "{6B896A66-47B4-4066-8E7A-025B4AE60148}"
EndProject
Project("{2150E333-8FDC-42A3-9474-1A3956D46DE8}") = "Frontend", "Frontend", "{4028CA90-BE20-4E07-B490-9C43739A6621}"
EndProject
Project("{2150E333-8FDC-42A3-9474-1A3956D46DE8}") = "Presentation", "Presentation", "{4C674AF0-236D-467D-A3B9-AE6C47E87E3E}"
EndProject
Project("{9A19103F-16F7-4668-BE54-9A1E7A4F7556}") = "CarWebApi", "presentation\CarWebApi\CarWebApi.csproj", "{B79A5AC5-B824-4608-B5EC-B7D78B1FC932}"
EndProject
Project("{9A19103F-16F7-4668-BE54-9A1E7A4F7556}") = "CarWebUI", "Frontend\CarWebUI\CarWebUI.csproj", "{88833AAD-5CED-4398-864C-0D46B063BB15}"
EndProject
Project("{9A19103F-16F7-4668-BE54-9A1E7A4F7556}") = "Application", "Core\Application\Application.csproj", "{926B6ACD-6A4D-4FEC-9BF0-71B37E077931}"
EndProject
Project("{FAE04EC0-301F-11D3-BF4B-00C04F79EFBC}") = "DTO", "Frontend\DTO\DTO.csproj", "{F1BAF79F-112E-4C89-B102-DB5547216482}"
EndProject
Global
	GlobalSection(SolutionConfigurationPlatforms) = preSolution
		Debug|Any CPU = Debug|Any CPU
		Release|Any CPU = Release|Any CPU
	EndGlobalSection
	GlobalSection(ProjectConfigurationPlatforms) = postSolution
		{76BB14C6-EE5D-44F3-912A-82725A14EC86}.Debug|Any CPU.ActiveCfg = Debug|Any CPU
		{76BB14C6-EE5D-44F3-912A-82725A14EC86}.Debug|Any CPU.Build.0 = Debug|Any CPU
		{76BB14C6-EE5D-44F3-912A-82725A14EC86}.Release|Any CPU.ActiveCfg = Release|Any CPU
		{76BB14C6-EE5D-44F3-912A-82725A14EC86}.Release|Any CPU.Build.0 = Release|Any CPU
		{6B896A66-47B4-4066-8E7A-025B4AE60148}.Debug|Any CPU.ActiveCfg = Debug|Any CPU
		{6B896A66-47B4-4066-8E7A-025B4AE60148}.Debug|Any CPU.Build.0 = Debug|Any CPU
		{6B896A66-47B4-4066-8E7A-025B4AE60148}.Release|Any CPU.ActiveCfg = Release|Any CPU
		{6B896A66-47B4-4066-8E7A-025B4AE60148}.Release|Any CPU.Build.0 = Release|Any CPU
		{B79A5AC5-B824-4608-B5EC-B7D78B1FC932}.Debug|Any CPU.ActiveCfg = Debug|Any CPU
		{B79A5AC5-B824-4608-B5EC-B7D78B1FC932}.Debug|Any CPU.Build.0 = Debug|Any CPU
		{B79A5AC5-B824-4608-B5EC-B7D78B1FC932}.Release|Any CPU.ActiveCfg = Release|Any CPU
		{B79A5AC5-B824-4608-B5EC-B7D78B1FC932}.Release|Any CPU.Build.0 = Release|Any CPU
		{88833AAD-5CED-4398-864C-0D46B063BB15}.Debug|Any CPU.ActiveCfg = Debug|Any CPU
		{88833AAD-5CED-4398-864C-0D46B063BB15}.Debug|Any CPU.Build.0 = Debug|Any CPU
		{88833AAD-5CED-4398-864C-0D46B063BB15}.Release|Any CPU.ActiveCfg = Release|Any CPU
		{88833AAD-5CED-4398-864C-0D46B063BB15}.Release|Any CPU.Build.0 = Release|Any CPU
		{926B6ACD-6A4D-4FEC-9BF0-71B37E077931}.Debug|Any CPU.ActiveCfg = Debug|Any CPU
		{926B6ACD-6A4D-4FEC-9BF0-71B37E077931}.Debug|Any CPU.Build.0 = Debug|Any CPU
		{926B6ACD-6A4D-4FEC-9BF0-71B37E077931}.Release|Any CPU.ActiveCfg = Release|Any CPU
		{926B6ACD-6A4D-4FEC-9BF0-71B37E077931}.Release|Any CPU.Build.0 = Release|Any CPU
		{F1BAF79F-112E-4C89-B102-DB5547216482}.Debug|Any CPU.ActiveCfg = Debug|Any CPU
		{F1BAF79F-112E-4C89-B102-DB5547216482}.Debug|Any CPU.Build.0 = Debug|Any CPU
		{F1BAF79F-112E-4C89-B102-DB5547216482}.Release|Any CPU.ActiveCfg = Release|Any CPU
		{F1BAF79F-112E-4C89-B102-DB5547216482}.Release|Any CPU.Build.0 = Release|Any CPU
	EndGlobalSection
	GlobalSection(SolutionProperties) = preSolution
		HideSolutionNode = FALSE
	EndGlobalSection
	GlobalSection(NestedProjects) = preSolution
		{76BB14C6-EE5D-44F3-912A-82725A14EC86} = {F61EC027-40F7-4697-BC11-4DF36E50F01C}
		{6B896A66-47B4-4066-8E7A-025B4AE60148} = {AFD8A77A-2BD9-4299-9E07-77B6B3648FD8}
		{B79A5AC5-B824-4608-B5EC-B7D78B1FC932} = {4C674AF0-236D-467D-A3B9-AE6C47E87E3E}
		{88833AAD-5CED-4398-864C-0D46B063BB15} = {4028CA90-BE20-4E07-B490-9C43739A6621}
		{926B6ACD-6A4D-4FEC-9BF0-71B37E077931} = {F61EC027-40F7-4697-BC11-4DF36E50F01C}
		{F1BAF79F-112E-4C89-B102-DB5547216482} = {4028CA90-BE20-4E07-B490-9C43739A6621}
	EndGlobalSection
	GlobalSection(ExtensibilityGlobals) = postSolution
		SolutionGuid = {36D8CE80-BDCF-44D1-A95D-ACF1E4F7C185}
	EndGlobalSection
EndGlobal
